
Microsoft Visual Studio Solution File, Format Version 12.00
# Visual Studio Version 16
VisualStudioVersion = 16.0.30128.74
MinimumVisualStudioVersion = 10.0.40219.1
Project("{9A19103F-16F7-4668-BE54-9A1E7A4F7556}") = "TrickingLibrary.API", "TrickingLibrary.API\TrickingLibrary.API.csproj", "{A7D4E86E-8BE3-4298-9482-C467B284C1F9}"
EndProject
Project("{9A19103F-16F7-4668-BE54-9A1E7A4F7556}") = "TrickingLibrary.Models", "TrickingLibrary.Models\TrickingLibrary.Models.csproj", "{8D322F84-39E2-4283-82C4-F2E1CBBDE7A3}"
EndProject
Project("{9A19103F-16F7-4668-BE54-9A1E7A4F7556}") = "TrickingLibrary.Data", "TrickingLibrary.Data\TrickingLibrary.Data.csproj", "{971DE88B-D03A-4481-8DF0-55B317B6A970}"
EndProject
Global
	GlobalSection(SolutionConfigurationPlatforms) = preSolution
		Debug|Any CPU = Debug|Any CPU
		Release|Any CPU = Release|Any CPU
	EndGlobalSection
	GlobalSection(ProjectConfigurationPlatforms) = postSolution
		{A7D4E86E-8BE3-4298-9482-C467B284C1F9}.Debug|Any CPU.ActiveCfg = Debug|Any CPU
		{A7D4E86E-8BE3-4298-9482-C467B284C1F9}.Debug|Any CPU.Build.0 = Debug|Any CPU
		{A7D4E86E-8BE3-4298-9482-C467B284C1F9}.Release|Any CPU.ActiveCfg = Release|Any CPU
		{A7D4E86E-8BE3-4298-9482-C467B284C1F9}.Release|Any CPU.Build.0 = Release|Any CPU
		{8D322F84-39E2-4283-82C4-F2E1CBBDE7A3}.Debug|Any CPU.ActiveCfg = Debug|Any CPU
		{8D322F84-39E2-4283-82C4-F2E1CBBDE7A3}.Debug|Any CPU.Build.0 = Debug|Any CPU
		{8D322F84-39E2-4283-82C4-F2E1CBBDE7A3}.Release|Any CPU.ActiveCfg = Release|Any CPU
		{8D322F84-39E2-4283-82C4-F2E1CBBDE7A3}.Release|Any CPU.Build.0 = Release|Any CPU
		{971DE88B-D03A-4481-8DF0-55B317B6A970}.Debug|Any CPU.ActiveCfg = Debug|Any CPU
		{971DE88B-D03A-4481-8DF0-55B317B6A970}.Debug|Any CPU.Build.0 = Debug|Any CPU
		{971DE88B-D03A-4481-8DF0-55B317B6A970}.Release|Any CPU.ActiveCfg = Release|Any CPU
		{971DE88B-D03A-4481-8DF0-55B317B6A970}.Release|Any CPU.Build.0 = Release|Any CPU
	EndGlobalSection
	GlobalSection(SolutionProperties) = preSolution
		HideSolutionNode = FALSE
	EndGlobalSection
	GlobalSection(ExtensibilityGlobals) = postSolution
		SolutionGuid = {6219A50F-CAFD-4021-8A0B-C0B40E078996}
	EndGlobalSection
EndGlobal
